
Microsoft Visual Studio Solution File, Format Version 12.00
# Visual Studio Version 17
VisualStudioVersion = 17.7.34221.43
MinimumVisualStudioVersion = 10.0.40219.1
Project("{FAE04EC0-301F-11D3-BF4B-00C04F79EFBC}") = "WinFormGame", "WinFormGame.csproj", "{72F69AC2-E49E-4571-BBD7-B9694ED396FC}"
EndProject
Global
	GlobalSection(SolutionConfigurationPlatforms) = preSolution
		Debug|Any CPU = Debug|Any CPU
		Release|Any CPU = Release|Any CPU
	EndGlobalSection
	GlobalSection(ProjectConfigurationPlatforms) = postSolution
		{72F69AC2-E49E-4571-BBD7-B9694ED396FC}.Debug|Any CPU.ActiveCfg = Debug|Any CPU
		{72F69AC2-E49E-4571-BBD7-B9694ED396FC}.Debug|Any CPU.Build.0 = Debug|Any CPU
		{72F69AC2-E49E-4571-BBD7-B9694ED396FC}.Release|Any CPU.ActiveCfg = Release|Any CPU
		{72F69AC2-E49E-4571-BBD7-B9694ED396FC}.Release|Any CPU.Build.0 = Release|Any CPU
	EndGlobalSection
	GlobalSection(SolutionProperties) = preSolution
		HideSolutionNode = FALSE
	EndGlobalSection
	GlobalSection(ExtensibilityGlobals) = postSolution
		SolutionGuid = {EAC5CE7A-66E7-4EE6-BE1B-087EC649E892}
	EndGlobalSection
EndGlobal
